// !$*UTF8*$!
{
	archiveVersion = 1;
	classes = {
	};
	objectVersion = 56;
	objects = {

/* Begin PBXBuildFile section */
		4FDA12C92AE2F643005A7A64 /* FizzBuzzApp.swift in Sources */ = {isa = PBXBuildFile; fileRef = 4FDA12C82AE2F643005A7A64 /* FizzBuzzApp.swift */; };
		4FDA12CB2AE2F643005A7A64 /* ContentView.swift in Sources */ = {isa = PBXBuildFile; fileRef = 4FDA12CA2AE2F643005A7A64 /* ContentView.swift */; };
		4FDA12CD2AE2F645005A7A64 /* Assets.xcassets in Resources */ = {isa = PBXBuildFile; fileRef = 4FDA12CC2AE2F645005A7A64 /* Assets.xcassets */; };
		4FDA12D02AE2F645005A7A64 /* Preview Assets.xcassets in Resources */ = {isa = PBXBuildFile; fileRef = 4FDA12CF2AE2F645005A7A64 /* Preview Assets.xcassets */; };
		4FDA12DA2AE2F646005A7A64 /* FizzBuzzTests.swift in Sources */ = {isa = PBXBuildFile; fileRef = 4FDA12D92AE2F646005A7A64 /* FizzBuzzTests.swift */; };
		4FDA12E42AE2F646005A7A64 /* FizzBuzzUITests.swift in Sources */ = {isa = PBXBuildFile; fileRef = 4FDA12E32AE2F646005A7A64 /* FizzBuzzUITests.swift */; };
		4FDA12E62AE2F646005A7A64 /* FizzBuzzUITestsLaunchTests.swift in Sources */ = {isa = PBXBuildFile; fileRef = 4FDA12E52AE2F646005A7A64 /* FizzBuzzUITestsLaunchTests.swift */; };
/* End PBXBuildFile section */

/* Begin PBXContainerItemProxy section */
		4FDA12D62AE2F646005A7A64 /* PBXContainerItemProxy */ = {
			isa = PBXContainerItemProxy;
			containerPortal = 4FDA12BD2AE2F643005A7A64 /* Project object */;
			proxyType = 1;
			remoteGlobalIDString = 4FDA12C42AE2F643005A7A64;
			remoteInfo = FizzBuzz;
		};
		4FDA12E02AE2F646005A7A64 /* PBXContainerItemProxy */ = {
			isa = PBXContainerItemProxy;
			containerPortal = 4FDA12BD2AE2F643005A7A64 /* Project object */;
			proxyType = 1;
			remoteGlobalIDString = 4FDA12C42AE2F643005A7A64;
			remoteInfo = FizzBuzz;
		};
/* End PBXContainerItemProxy section */

/* Begin PBXFileReference section */
		4FDA12C52AE2F643005A7A64 /* FizzBuzz.app */ = {isa = PBXFileReference; explicitFileType = wrapper.application; includeInIndex = 0; path = FizzBuzz.app; sourceTree = BUILT_PRODUCTS_DIR; };
		4FDA12C82AE2F643005A7A64 /* FizzBuzzApp.swift */ = {isa = PBXFileReference; lastKnownFileType = sourcecode.swift; path = FizzBuzzApp.swift; sourceTree = "<group>"; };
		4FDA12CA2AE2F643005A7A64 /* ContentView.swift */ = {isa = PBXFileReference; lastKnownFileType = sourcecode.swift; path = ContentView.swift; sourceTree = "<group>"; };
		4FDA12CC2AE2F645005A7A64 /* Assets.xcassets */ = {isa = PBXFileReference; lastKnownFileType = folder.assetcatalog; path = Assets.xcassets; sourceTree = "<group>"; };
		4FDA12CF2AE2F645005A7A64 /* Preview Assets.xcassets */ = {isa = PBXFileReference; lastKnownFileType = folder.assetcatalog; path = "Preview Assets.xcassets"; sourceTree = "<group>"; };
		4FDA12D52AE2F646005A7A64 /* FizzBuzzTests.xctest */ = {isa = PBXFileReference; explicitFileType = wrapper.cfbundle; includeInIndex = 0; path = FizzBuzzTests.xctest; sourceTree = BUILT_PRODUCTS_DIR; };
		4FDA12D92AE2F646005A7A64 /* FizzBuzzTests.swift */ = {isa = PBXFileReference; lastKnownFileType = sourcecode.swift; path = FizzBuzzTests.swift; sourceTree = "<group>"; };
		4FDA12DF2AE2F646005A7A64 /* FizzBuzzUITests.xctest */ = {isa = PBXFileReference; explicitFileType = wrapper.cfbundle; includeInIndex = 0; path = FizzBuzzUITests.xctest; sourceTree = BUILT_PRODUCTS_DIR; };
		4FDA12E32AE2F646005A7A64 /* FizzBuzzUITests.swift */ = {isa = PBXFileReference; lastKnownFileType = sourcecode.swift; path = FizzBuzzUITests.swift; sourceTree = "<group>"; };
		4FDA12E52AE2F646005A7A64 /* FizzBuzzUITestsLaunchTests.swift */ = {isa = PBXFileReference; lastKnownFileType = sourcecode.swift; path = FizzBuzzUITestsLaunchTests.swift; sourceTree = "<group>"; };
/* End PBXFileReference section */

/* Begin PBXFrameworksBuildPhase section */
		4FDA12C22AE2F643005A7A64 /* Frameworks */ = {
			isa = PBXFrameworksBuildPhase;
			buildActionMask = 2147483647;
			files = (
			);
			runOnlyForDeploymentPostprocessing = 0;
		};
		4FDA12D22AE2F646005A7A64 /* Frameworks */ = {
			isa = PBXFrameworksBuildPhase;
			buildActionMask = 2147483647;
			files = (
			);
			runOnlyForDeploymentPostprocessing = 0;
		};
		4FDA12DC2AE2F646005A7A64 /* Frameworks */ = {
			isa = PBXFrameworksBuildPhase;
			buildActionMask = 2147483647;
			files = (
			);
			runOnlyForDeploymentPostprocessing = 0;
		};
/* End PBXFrameworksBuildPhase section */

/* Begin PBXGroup section */
		4FDA12BC2AE2F643005A7A64 = {
			isa = PBXGroup;
			children = (
				4FDA12C72AE2F643005A7A64 /* FizzBuzz */,
				4FDA12D82AE2F646005A7A64 /* FizzBuzzTests */,
				4FDA12E22AE2F646005A7A64 /* FizzBuzzUITests */,
				4FDA12C62AE2F643005A7A64 /* Products */,
			);
			sourceTree = "<group>";
		};
		4FDA12C62AE2F643005A7A64 /* Products */ = {
			isa = PBXGroup;
			children = (
				4FDA12C52AE2F643005A7A64 /* FizzBuzz.app */,
				4FDA12D52AE2F646005A7A64 /* FizzBuzzTests.xctest */,
				4FDA12DF2AE2F646005A7A64 /* FizzBuzzUITests.xctest */,
			);
			name = Products;
			sourceTree = "<group>";
		};
		4FDA12C72AE2F643005A7A64 /* FizzBuzz */ = {
			isa = PBXGroup;
			children = (
				4FDA12C82AE2F643005A7A64 /* FizzBuzzApp.swift */,
				4FDA12CA2AE2F643005A7A64 /* ContentView.swift */,
				4FDA12CC2AE2F645005A7A64 /* Assets.xcassets */,
				4FDA12CE2AE2F645005A7A64 /* Preview Content */,
			);
			path = FizzBuzz;
			sourceTree = "<group>";
		};
		4FDA12CE2AE2F645005A7A64 /* Preview Content */ = {
			isa = PBXGroup;
			children = (
				4FDA12CF2AE2F645005A7A64 /* Preview Assets.xcassets */,
			);
			path = "Preview Content";
			sourceTree = "<group>";
		};
		4FDA12D82AE2F646005A7A64 /* FizzBuzzTests */ = {
			isa = PBXGroup;
			children = (
				4FDA12D92AE2F646005A7A64 /* FizzBuzzTests.swift */,
			);
			path = FizzBuzzTests;
			sourceTree = "<group>";
		};
		4FDA12E22AE2F646005A7A64 /* FizzBuzzUITests */ = {
			isa = PBXGroup;
			children = (
				4FDA12E32AE2F646005A7A64 /* FizzBuzzUITests.swift */,
				4FDA12E52AE2F646005A7A64 /* FizzBuzzUITestsLaunchTests.swift */,
			);
			path = FizzBuzzUITests;
			sourceTree = "<group>";
		};
/* End PBXGroup section */

/* Begin PBXNativeTarget section */
		4FDA12C42AE2F643005A7A64 /* FizzBuzz */ = {
			isa = PBXNativeTarget;
			buildConfigurationList = 4FDA12E92AE2F646005A7A64 /* Build configuration list for PBXNativeTarget "FizzBuzz" */;
			buildPhases = (
				4FDA12C12AE2F643005A7A64 /* Sources */,
				4FDA12C22AE2F643005A7A64 /* Frameworks */,
				4FDA12C32AE2F643005A7A64 /* Resources */,
			);
			buildRules = (
			);
			dependencies = (
			);
			name = FizzBuzz;
			productName = FizzBuzz;
			productReference = 4FDA12C52AE2F643005A7A64 /* FizzBuzz.app */;
			productType = "com.apple.product-type.application";
		};
		4FDA12D42AE2F646005A7A64 /* FizzBuzzTests */ = {
			isa = PBXNativeTarget;
			buildConfigurationList = 4FDA12EC2AE2F646005A7A64 /* Build configuration list for PBXNativeTarget "FizzBuzzTests" */;
			buildPhases = (
				4FDA12D12AE2F646005A7A64 /* Sources */,
				4FDA12D22AE2F646005A7A64 /* Frameworks */,
				4FDA12D32AE2F646005A7A64 /* Resources */,
			);
			buildRules = (
			);
			dependencies = (
				4FDA12D72AE2F646005A7A64 /* PBXTargetDependency */,
			);
			name = FizzBuzzTests;
			productName = FizzBuzzTests;
			productReference = 4FDA12D52AE2F646005A7A64 /* FizzBuzzTests.xctest */;
			productType = "com.apple.product-type.bundle.unit-test";
		};
		4FDA12DE2AE2F646005A7A64 /* FizzBuzzUITests */ = {
			isa = PBXNativeTarget;
			buildConfigurationList = 4FDA12EF2AE2F646005A7A64 /* Build configuration list for PBXNativeTarget "FizzBuzzUITests" */;
			buildPhases = (
				4FDA12DB2AE2F646005A7A64 /* Sources */,
				4FDA12DC2AE2F646005A7A64 /* Frameworks */,
				4FDA12DD2AE2F646005A7A64 /* Resources */,
			);
			buildRules = (
			);
			dependencies = (
				4FDA12E12AE2F646005A7A64 /* PBXTargetDependency */,
			);
			name = FizzBuzzUITests;
			productName = FizzBuzzUITests;
			productReference = 4FDA12DF2AE2F646005A7A64 /* FizzBuzzUITests.xctest */;
			productType = "com.apple.product-type.bundle.ui-testing";
		};
/* End PBXNativeTarget section */

/* Begin PBXProject section */
		4FDA12BD2AE2F643005A7A64 /* Project object */ = {
			isa = PBXProject;
			attributes = {
				BuildIndependentTargetsInParallel = 1;
				LastSwiftUpdateCheck = 1500;
				LastUpgradeCheck = 1500;
				TargetAttributes = {
					4FDA12C42AE2F643005A7A64 = {
						CreatedOnToolsVersion = 15.0;
					};
					4FDA12D42AE2F646005A7A64 = {
						CreatedOnToolsVersion = 15.0;
						TestTargetID = 4FDA12C42AE2F643005A7A64;
					};
					4FDA12DE2AE2F646005A7A64 = {
						CreatedOnToolsVersion = 15.0;
						TestTargetID = 4FDA12C42AE2F643005A7A64;
					};
				};
			};
			buildConfigurationList = 4FDA12C02AE2F643005A7A64 /* Build configuration list for PBXProject "FizzBuzz" */;
			compatibilityVersion = "Xcode 14.0";
			developmentRegion = en;
			hasScannedForEncodings = 0;
			knownRegions = (
				en,
				Base,
			);
			mainGroup = 4FDA12BC2AE2F643005A7A64;
			productRefGroup = 4FDA12C62AE2F643005A7A64 /* Products */;
			projectDirPath = "";
			projectRoot = "";
			targets = (
				4FDA12C42AE2F643005A7A64 /* FizzBuzz */,
				4FDA12D42AE2F646005A7A64 /* FizzBuzzTests */,
				4FDA12DE2AE2F646005A7A64 /* FizzBuzzUITests */,
			);
		};
/* End PBXProject section */

/* Begin PBXResourcesBuildPhase section */
		4FDA12C32AE2F643005A7A64 /* Resources */ = {
			isa = PBXResourcesBuildPhase;
			buildActionMask = 2147483647;
			files = (
				4FDA12D02AE2F645005A7A64 /* Preview Assets.xcassets in Resources */,
				4FDA12CD2AE2F645005A7A64 /* Assets.xcassets in Resources */,
			);
			runOnlyForDeploymentPostprocessing = 0;
		};
		4FDA12D32AE2F646005A7A64 /* Resources */ = {
			isa = PBXResourcesBuildPhase;
			buildActionMask = 2147483647;
			files = (
			);
			runOnlyForDeploymentPostprocessing = 0;
		};
		4FDA12DD2AE2F646005A7A64 /* Resources */ = {
			isa = PBXResourcesBuildPhase;
			buildActionMask = 2147483647;
			files = (
			);
			runOnlyForDeploymentPostprocessing = 0;
		};
/* End PBXResourcesBuildPhase section */

/* Begin PBXSourcesBuildPhase section */
		4FDA12C12AE2F643005A7A64 /* Sources */ = {
			isa = PBXSourcesBuildPhase;
			buildActionMask = 2147483647;
			files = (
				4FDA12CB2AE2F643005A7A64 /* ContentView.swift in Sources */,
				4FDA12C92AE2F643005A7A64 /* FizzBuzzApp.swift in Sources */,
			);
			runOnlyForDeploymentPostprocessing = 0;
		};
		4FDA12D12AE2F646005A7A64 /* Sources */ = {
			isa = PBXSourcesBuildPhase;
			buildActionMask = 2147483647;
			files = (
				4FDA12DA2AE2F646005A7A64 /* FizzBuzzTests.swift in Sources */,
			);
			runOnlyForDeploymentPostprocessing = 0;
		};
		4FDA12DB2AE2F646005A7A64 /* Sources */ = {
			isa = PBXSourcesBuildPhase;
			buildActionMask = 2147483647;
			files = (
				4FDA12E62AE2F646005A7A64 /* FizzBuzzUITestsLaunchTests.swift in Sources */,
				4FDA12E42AE2F646005A7A64 /* FizzBuzzUITests.swift in Sources */,
			);
			runOnlyForDeploymentPostprocessing = 0;
		};
/* End PBXSourcesBuildPhase section */

/* Begin PBXTargetDependency section */
		4FDA12D72AE2F646005A7A64 /* PBXTargetDependency */ = {
			isa = PBXTargetDependency;
			target = 4FDA12C42AE2F643005A7A64 /* FizzBuzz */;
			targetProxy = 4FDA12D62AE2F646005A7A64 /* PBXContainerItemProxy */;
		};
		4FDA12E12AE2F646005A7A64 /* PBXTargetDependency */ = {
			isa = PBXTargetDependency;
			target = 4FDA12C42AE2F643005A7A64 /* FizzBuzz */;
			targetProxy = 4FDA12E02AE2F646005A7A64 /* PBXContainerItemProxy */;
		};
/* End PBXTargetDependency section */

/* Begin XCBuildConfiguration section */
		4FDA12E72AE2F646005A7A64 /* Debug */ = {
			isa = XCBuildConfiguration;
			buildSettings = {
				ALWAYS_SEARCH_USER_PATHS = NO;
				ASSETCATALOG_COMPILER_GENERATE_SWIFT_ASSET_SYMBOL_EXTENSIONS = YES;
				CLANG_ANALYZER_NONNULL = YES;
				CLANG_ANALYZER_NUMBER_OBJECT_CONVERSION = YES_AGGRESSIVE;
				CLANG_CXX_LANGUAGE_STANDARD = "gnu++20";
				CLANG_ENABLE_MODULES = YES;
				CLANG_ENABLE_OBJC_ARC = YES;
				CLANG_ENABLE_OBJC_WEAK = YES;
				CLANG_WARN_BLOCK_CAPTURE_AUTORELEASING = YES;
				CLANG_WARN_BOOL_CONVERSION = YES;
				CLANG_WARN_COMMA = YES;
				CLANG_WARN_CONSTANT_CONVERSION = YES;
				CLANG_WARN_DEPRECATED_OBJC_IMPLEMENTATIONS = YES;
				CLANG_WARN_DIRECT_OBJC_ISA_USAGE = YES_ERROR;
				CLANG_WARN_DOCUMENTATION_COMMENTS = YES;
				CLANG_WARN_EMPTY_BODY = YES;
				CLANG_WARN_ENUM_CONVERSION = YES;
				CLANG_WARN_INFINITE_RECURSION = YES;
				CLANG_WARN_INT_CONVERSION = YES;
				CLANG_WARN_NON_LITERAL_NULL_CONVERSION = YES;
				CLANG_WARN_OBJC_IMPLICIT_RETAIN_SELF = YES;
				CLANG_WARN_OBJC_LITERAL_CONVERSION = YES;
				CLANG_WARN_OBJC_ROOT_CLASS = YES_ERROR;
				CLANG_WARN_QUOTED_INCLUDE_IN_FRAMEWORK_HEADER = YES;
				CLANG_WARN_RANGE_LOOP_ANALYSIS = YES;
				CLANG_WARN_STRICT_PROTOTYPES = YES;
				CLANG_WARN_SUSPICIOUS_MOVE = YES;
				CLANG_WARN_UNGUARDED_AVAILABILITY = YES_AGGRESSIVE;
				CLANG_WARN_UNREACHABLE_CODE = YES;
				CLANG_WARN__DUPLICATE_METHOD_MATCH = YES;
				COPY_PHASE_STRIP = NO;
				DEBUG_INFORMATION_FORMAT = dwarf;
				ENABLE_STRICT_OBJC_MSGSEND = YES;
				ENABLE_TESTABILITY = YES;
				ENABLE_USER_SCRIPT_SANDBOXING = YES;
				GCC_C_LANGUAGE_STANDARD = gnu17;
				GCC_DYNAMIC_NO_PIC = NO;
				GCC_NO_COMMON_BLOCKS = YES;
				GCC_OPTIMIZATION_LEVEL = 0;
				GCC_PREPROCESSOR_DEFINITIONS = (
					"DEBUG=1",
					"$(inherited)",
				);
				GCC_WARN_64_TO_32_BIT_CONVERSION = YES;
				GCC_WARN_ABOUT_RETURN_TYPE = YES_ERROR;
				GCC_WARN_UNDECLARED_SELECTOR = YES;
				GCC_WARN_UNINITIALIZED_AUTOS = YES_AGGRESSIVE;
				GCC_WARN_UNUSED_FUNCTION = YES;
				GCC_WARN_UNUSED_VARIABLE = YES;
				IPHONEOS_DEPLOYMENT_TARGET = 17.0;
				LOCALIZATION_PREFERS_STRING_CATALOGS = YES;
				MTL_ENABLE_DEBUG_INFO = INCLUDE_SOURCE;
				MTL_FAST_MATH = YES;
				ONLY_ACTIVE_ARCH = YES;
				SDKROOT = iphoneos;
				SWIFT_ACTIVE_COMPILATION_CONDITIONS = "DEBUG $(inherited)";
				SWIFT_OPTIMIZATION_LEVEL = "-Onone";
			};
			name = Debug;
		};
		4FDA12E82AE2F646005A7A64 /* Release */ = {
			isa = XCBuildConfiguration;
			buildSettings = {
				ALWAYS_SEARCH_USER_PATHS = NO;
				ASSETCATALOG_COMPILER_GENERATE_SWIFT_ASSET_SYMBOL_EXTENSIONS = YES;
				CLANG_ANALYZER_NONNULL = YES;
				CLANG_ANALYZER_NUMBER_OBJECT_CONVERSION = YES_AGGRESSIVE;
				CLANG_CXX_LANGUAGE_STANDARD = "gnu++20";
				CLANG_ENABLE_MODULES = YES;
				CLANG_ENABLE_OBJC_ARC = YES;
				CLANG_ENABLE_OBJC_WEAK = YES;
				CLANG_WARN_BLOCK_CAPTURE_AUTORELEASING = YES;
				CLANG_WARN_BOOL_CONVERSION = YES;
				CLANG_WARN_COMMA = YES;
				CLANG_WARN_CONSTANT_CONVERSION = YES;
				CLANG_WARN_DEPRECATED_OBJC_IMPLEMENTATIONS = YES;
				CLANG_WARN_DIRECT_OBJC_ISA_USAGE = YES_ERROR;
				CLANG_WARN_DOCUMENTATION_COMMENTS = YES;
				CLANG_WARN_EMPTY_BODY = YES;
				CLANG_WARN_ENUM_CONVERSION = YES;
				CLANG_WARN_INFINITE_RECURSION = YES;
				CLANG_WARN_INT_CONVERSION = YES;
				CLANG_WARN_NON_LITERAL_NULL_CONVERSION = YES;
				CLANG_WARN_OBJC_IMPLICIT_RETAIN_SELF = YES;
				CLANG_WARN_OBJC_LITERAL_CONVERSION = YES;
				CLANG_WARN_OBJC_ROOT_CLASS = YES_ERROR;
				CLANG_WARN_QUOTED_INCLUDE_IN_FRAMEWORK_HEADER = YES;
				CLANG_WARN_RANGE_LOOP_ANALYSIS = YES;
				CLANG_WARN_STRICT_PROTOTYPES = YES;
				CLANG_WARN_SUSPICIOUS_MOVE = YES;
				CLANG_WARN_UNGUARDED_AVAILABILITY = YES_AGGRESSIVE;
				CLANG_WARN_UNREACHABLE_CODE = YES;
				CLANG_WARN__DUPLICATE_METHOD_MATCH = YES;
				COPY_PHASE_STRIP = NO;
				DEBUG_INFORMATION_FORMAT = "dwarf-with-dsym";
				ENABLE_NS_ASSERTIONS = NO;
				ENABLE_STRICT_OBJC_MSGSEND = YES;
				ENABLE_USER_SCRIPT_SANDBOXING = YES;
				GCC_C_LANGUAGE_STANDARD = gnu17;
				GCC_NO_COMMON_BLOCKS = YES;
				GCC_WARN_64_TO_32_BIT_CONVERSION = YES;
				GCC_WARN_ABOUT_RETURN_TYPE = YES_ERROR;
				GCC_WARN_UNDECLARED_SELECTOR = YES;
				GCC_WARN_UNINITIALIZED_AUTOS = YES_AGGRESSIVE;
				GCC_WARN_UNUSED_FUNCTION = YES;
				GCC_WARN_UNUSED_VARIABLE = YES;
				IPHONEOS_DEPLOYMENT_TARGET = 17.0;
				LOCALIZATION_PREFERS_STRING_CATALOGS = YES;
				MTL_ENABLE_DEBUG_INFO = NO;
				MTL_FAST_MATH = YES;
				SDKROOT = iphoneos;
				SWIFT_COMPILATION_MODE = wholemodule;
				VALIDATE_PRODUCT = YES;
			};
			name = Release;
		};
		4FDA12EA2AE2F646005A7A64 /* Debug */ = {
			isa = XCBuildConfiguration;
			buildSettings = {
				ASSETCATALOG_COMPILER_APPICON_NAME = AppIcon;
				ASSETCATALOG_COMPILER_GLOBAL_ACCENT_COLOR_NAME = AccentColor;
				CODE_SIGN_STYLE = Automatic;
				CURRENT_PROJECT_VERSION = 1;
				DEVELOPMENT_ASSET_PATHS = "\"FizzBuzz/Preview Content\"";
				DEVELOPMENT_TEAM = BQ55AJ4968;
				ENABLE_PREVIEWS = YES;
				GENERATE_INFOPLIST_FILE = YES;
				INFOPLIST_KEY_UIApplicationSceneManifest_Generation = YES;
				INFOPLIST_KEY_UIApplicationSupportsIndirectInputEvents = YES;
				INFOPLIST_KEY_UILaunchScreen_Generation = YES;
				INFOPLIST_KEY_UISupportedInterfaceOrientations_iPad = "UIInterfaceOrientationPortrait UIInterfaceOrientationPortraitUpsideDown UIInterfaceOrientationLandscapeLeft UIInterfaceOrientationLandscapeRight";
				INFOPLIST_KEY_UISupportedInterfaceOrientations_iPhone = "UIInterfaceOrientationPortrait UIInterfaceOrientationLandscapeLeft UIInterfaceOrientationLandscapeRight";
				LD_RUNPATH_SEARCH_PATHS = (
					"$(inherited)",
					"@executable_path/Frameworks",
				);
				MARKETING_VERSION = 1.0;
				PRODUCT_BUNDLE_IDENTIFIER = self.FizzBuzz;
				PRODUCT_NAME = "$(TARGET_NAME)";
				SWIFT_EMIT_LOC_STRINGS = YES;
				SWIFT_VERSION = 5.0;
				TARGETED_DEVICE_FAMILY = "1,2";
			};
			name = Debug;
		};
		4FDA12EB2AE2F646005A7A64 /* Release */ = {
			isa = XCBuildConfiguration;
			buildSettings = {
				ASSETCATALOG_COMPILER_APPICON_NAME = AppIcon;
				ASSETCATALOG_COMPILER_GLOBAL_ACCENT_COLOR_NAME = AccentColor;
				CODE_SIGN_STYLE = Automatic;
				CURRENT_PROJECT_VERSION = 1;
				DEVELOPMENT_ASSET_PATHS = "\"FizzBuzz/Preview Content\"";
				DEVELOPMENT_TEAM = BQ55AJ4968;
				ENABLE_PREVIEWS = YES;
				GENERATE_INFOPLIST_FILE = YES;
				INFOPLIST_KEY_UIApplicationSceneManifest_Generation = YES;
				INFOPLIST_KEY_UIApplicationSupportsIndirectInputEvents = YES;
				INFOPLIST_KEY_UILaunchScreen_Generation = YES;
				INFOPLIST_KEY_UISupportedInterfaceOrientations_iPad = "UIInterfaceOrientationPortrait UIInterfaceOrientationPortraitUpsideDown UIInterfaceOrientationLandscapeLeft UIInterfaceOrientationLandscapeRight";
				INFOPLIST_KEY_UISupportedInterfaceOrientations_iPhone = "UIInterfaceOrientationPortrait UIInterfaceOrientationLandscapeLeft UIInterfaceOrientationLandscapeRight";
				LD_RUNPATH_SEARCH_PATHS = (
					"$(inherited)",
					"@executable_path/Frameworks",
				);
				MARKETING_VERSION = 1.0;
				PRODUCT_BUNDLE_IDENTIFIER = self.FizzBuzz;
				PRODUCT_NAME = "$(TARGET_NAME)";
				SWIFT_EMIT_LOC_STRINGS = YES;
				SWIFT_VERSION = 5.0;
				TARGETED_DEVICE_FAMILY = "1,2";
			};
			name = Release;
		};
		4FDA12ED2AE2F646005A7A64 /* Debug */ = {
			isa = XCBuildConfiguration;
			buildSettings = {
				ALWAYS_EMBED_SWIFT_STANDARD_LIBRARIES = YES;
				BUNDLE_LOADER = "$(TEST_HOST)";
				CODE_SIGN_STYLE = Automatic;
				CURRENT_PROJECT_VERSION = 1;
				DEVELOPMENT_TEAM = BQ55AJ4968;
				GENERATE_INFOPLIST_FILE = YES;
				IPHONEOS_DEPLOYMENT_TARGET = 17.0;
				MARKETING_VERSION = 1.0;
				PRODUCT_BUNDLE_IDENTIFIER = self.FizzBuzzTests;
				PRODUCT_NAME = "$(TARGET_NAME)";
				SWIFT_EMIT_LOC_STRINGS = NO;
				SWIFT_VERSION = 5.0;
				TARGETED_DEVICE_FAMILY = "1,2";
				TEST_HOST = "$(BUILT_PRODUCTS_DIR)/FizzBuzz.app/$(BUNDLE_EXECUTABLE_FOLDER_PATH)/FizzBuzz";
			};
			name = Debug;
		};
		4FDA12EE2AE2F646005A7A64 /* Release */ = {
			isa = XCBuildConfiguration;
			buildSettings = {
				ALWAYS_EMBED_SWIFT_STANDARD_LIBRARIES = YES;
				BUNDLE_LOADER = "$(TEST_HOST)";
				CODE_SIGN_STYLE = Automatic;
				CURRENT_PROJECT_VERSION = 1;
				DEVELOPMENT_TEAM = BQ55AJ4968;
				GENERATE_INFOPLIST_FILE = YES;
				IPHONEOS_DEPLOYMENT_TARGET = 17.0;
				MARKETING_VERSION = 1.0;
				PRODUCT_BUNDLE_IDENTIFIER = self.FizzBuzzTests;
				PRODUCT_NAME = "$(TARGET_NAME)";
				SWIFT_EMIT_LOC_STRINGS = NO;
				SWIFT_VERSION = 5.0;
				TARGETED_DEVICE_FAMILY = "1,2";
				TEST_HOST = "$(BUILT_PRODUCTS_DIR)/FizzBuzz.app/$(BUNDLE_EXECUTABLE_FOLDER_PATH)/FizzBuzz";
			};
			name = Release;
		};
		4FDA12F02AE2F646005A7A64 /* Debug */ = {
			isa = XCBuildConfiguration;
			buildSettings = {
				ALWAYS_EMBED_SWIFT_STANDARD_LIBRARIES = YES;
				CODE_SIGN_STYLE = Automatic;
				CURRENT_PROJECT_VERSION = 1;
				DEVELOPMENT_TEAM = BQ55AJ4968;
				GENERATE_INFOPLIST_FILE = YES;
				MARKETING_VERSION = 1.0;
				PRODUCT_BUNDLE_IDENTIFIER = self.FizzBuzzUITests;
				PRODUCT_NAME = "$(TARGET_NAME)";
				SWIFT_EMIT_LOC_STRINGS = NO;
				SWIFT_VERSION = 5.0;
				TARGETED_DEVICE_FAMILY = "1,2";
				TEST_TARGET_NAME = FizzBuzz;
			};
			name = Debug;
		};
		4FDA12F12AE2F646005A7A64 /* Release */ = {
			isa = XCBuildConfiguration;
			buildSettings = {
				ALWAYS_EMBED_SWIFT_STANDARD_LIBRARIES = YES;
				CODE_SIGN_STYLE = Automatic;
				CURRENT_PROJECT_VERSION = 1;
				DEVELOPMENT_TEAM = BQ55AJ4968;
				GENERATE_INFOPLIST_FILE = YES;
				MARKETING_VERSION = 1.0;
				PRODUCT_BUNDLE_IDENTIFIER = self.FizzBuzzUITests;
				PRODUCT_NAME = "$(TARGET_NAME)";
				SWIFT_EMIT_LOC_STRINGS = NO;
				SWIFT_VERSION = 5.0;
				TARGETED_DEVICE_FAMILY = "1,2";
				TEST_TARGET_NAME = FizzBuzz;
			};
			name = Release;
		};
/* End XCBuildConfiguration section */

/* Begin XCConfigurationList section */
		4FDA12C02AE2F643005A7A64 /* Build configuration list for PBXProject "FizzBuzz" */ = {
			isa = XCConfigurationList;
			buildConfigurations = (
				4FDA12E72AE2F646005A7A64 /* Debug */,
				4FDA12E82AE2F646005A7A64 /* Release */,
			);
			defaultConfigurationIsVisible = 0;
			defaultConfigurationName = Release;
		};
		4FDA12E92AE2F646005A7A64 /* Build configuration list for PBXNativeTarget "FizzBuzz" */ = {
			isa = XCConfigurationList;
			buildConfigurations = (
				4FDA12EA2AE2F646005A7A64 /* Debug */,
				4FDA12EB2AE2F646005A7A64 /* Release */,
			);
			defaultConfigurationIsVisible = 0;
			defaultConfigurationName = Release;
		};
		4FDA12EC2AE2F646005A7A64 /* Build configuration list for PBXNativeTarget "FizzBuzzTests" */ = {
			isa = XCConfigurationList;
			buildConfigurations = (
				4FDA12ED2AE2F646005A7A64 /* Debug */,
				4FDA12EE2AE2F646005A7A64 /* Release */,
			);
			defaultConfigurationIsVisible = 0;
			defaultConfigurationName = Release;
		};
		4FDA12EF2AE2F646005A7A64 /* Build configuration list for PBXNativeTarget "FizzBuzzUITests" */ = {
			isa = XCConfigurationList;
			buildConfigurations = (
				4FDA12F02AE2F646005A7A64 /* Debug */,
				4FDA12F12AE2F646005A7A64 /* Release */,
			);
			defaultConfigurationIsVisible = 0;
			defaultConfigurationName = Release;
		};
/* End XCConfigurationList section */
	};
	rootObject = 4FDA12BD2AE2F643005A7A64 /* Project object */;
}
